// !$*UTF8*$!
{
	archiveVersion = 1;
	classes = {
	};
	objectVersion = 51;
	objects = {

/* Begin PBXBuildFile section */
		410A8D484D953695E8F7DDDB /* Pods_Oh_Gili.framework in Frameworks */ = {isa = PBXBuildFile; fileRef = 9C7FD6B763C1C0A4F66C8B1E /* Pods_Oh_Gili.framework */; };
		641A16D324C46AE20038A80B /* PostData.swift in Sources */ = {isa = PBXBuildFile; fileRef = 641A16D224C46AE20038A80B /* PostData.swift */; };
		641A16D624C46B110038A80B /* PostTableViewCell.swift in Sources */ = {isa = PBXBuildFile; fileRef = 641A16D424C46B110038A80B /* PostTableViewCell.swift */; };
		641A16D724C46B110038A80B /* PostTableViewCell.xib in Resources */ = {isa = PBXBuildFile; fileRef = 641A16D524C46B110038A80B /* PostTableViewCell.xib */; };
		641A16D924C46D7F0038A80B /* Const.swift in Sources */ = {isa = PBXBuildFile; fileRef = 641A16D824C46D7F0038A80B /* Const.swift */; };
		641A16DB24C46E030038A80B /* GoogleService-Info.plist in Resources */ = {isa = PBXBuildFile; fileRef = 641A16DA24C46E030038A80B /* GoogleService-Info.plist */; };
		644D656824C88D5C00D8BB67 /* NewLoginViewController.swift in Sources */ = {isa = PBXBuildFile; fileRef = 644D656724C88D5C00D8BB67 /* NewLoginViewController.swift */; };
		644D656A24C88D8E00D8BB67 /* TermsViewController.swift in Sources */ = {isa = PBXBuildFile; fileRef = 644D656924C88D8E00D8BB67 /* TermsViewController.swift */; };
		644D656C24C88DC900D8BB67 /* LoginNextViewController.swift in Sources */ = {isa = PBXBuildFile; fileRef = 644D656B24C88DC900D8BB67 /* LoginNextViewController.swift */; };
		644D656E24C89F4A00D8BB67 /* MyNavigationViewController.swift in Sources */ = {isa = PBXBuildFile; fileRef = 644D656D24C89F4A00D8BB67 /* MyNavigationViewController.swift */; };
		644D657024C8A48B00D8BB67 /* LogoutViewController.swift in Sources */ = {isa = PBXBuildFile; fileRef = 644D656F24C8A48B00D8BB67 /* LogoutViewController.swift */; };
		644D657224C9E45800D8BB67 /* NotificationViewController.swift in Sources */ = {isa = PBXBuildFile; fileRef = 644D657124C9E45800D8BB67 /* NotificationViewController.swift */; };
		644D657424CA055C00D8BB67 /* CommentViewController.swift in Sources */ = {isa = PBXBuildFile; fileRef = 644D657324CA055C00D8BB67 /* CommentViewController.swift */; };
		644D657724CA05F600D8BB67 /* CommentTableViewCell.swift in Sources */ = {isa = PBXBuildFile; fileRef = 644D657524CA05F600D8BB67 /* CommentTableViewCell.swift */; };
		644D657824CA05F600D8BB67 /* CommentTableViewCell.xib in Resources */ = {isa = PBXBuildFile; fileRef = 644D657624CA05F600D8BB67 /* CommentTableViewCell.xib */; };
		64C7420124C42D240018258E /* AppDelegate.swift in Sources */ = {isa = PBXBuildFile; fileRef = 64C7420024C42D240018258E /* AppDelegate.swift */; };
		64C7420324C42D240018258E /* SceneDelegate.swift in Sources */ = {isa = PBXBuildFile; fileRef = 64C7420224C42D240018258E /* SceneDelegate.swift */; };
		64C7420524C42D240018258E /* ViewController.swift in Sources */ = {isa = PBXBuildFile; fileRef = 64C7420424C42D240018258E /* ViewController.swift */; };
		64C7420824C42D240018258E /* Main.storyboard in Resources */ = {isa = PBXBuildFile; fileRef = 64C7420624C42D240018258E /* Main.storyboard */; };
		64C7420A24C42D260018258E /* Assets.xcassets in Resources */ = {isa = PBXBuildFile; fileRef = 64C7420924C42D260018258E /* Assets.xcassets */; };
		64C7420D24C42D260018258E /* LaunchScreen.storyboard in Resources */ = {isa = PBXBuildFile; fileRef = 64C7420B24C42D260018258E /* LaunchScreen.storyboard */; };
		64C7421524C455BE0018258E /* LoginViewController.swift in Sources */ = {isa = PBXBuildFile; fileRef = 64C7421424C455BE0018258E /* LoginViewController.swift */; };
		64C7421724C455D30018258E /* HomeViewController.swift in Sources */ = {isa = PBXBuildFile; fileRef = 64C7421624C455D30018258E /* HomeViewController.swift */; };
		64C7421924C455FA0018258E /* ImageSelectViewController.swift in Sources */ = {isa = PBXBuildFile; fileRef = 64C7421824C455FA0018258E /* ImageSelectViewController.swift */; };
		64C7421B24C456120018258E /* PostViewController.swift in Sources */ = {isa = PBXBuildFile; fileRef = 64C7421A24C456120018258E /* PostViewController.swift */; };
		64C7421D24C4562C0018258E /* SettingViewController.swift in Sources */ = {isa = PBXBuildFile; fileRef = 64C7421C24C4562C0018258E /* SettingViewController.swift */; };
		64D37D0B24E03E0A00D19DCE /* BlockUserListViewController.swift in Sources */ = {isa = PBXBuildFile; fileRef = 64D37D0A24E03E0700D19DCE /* BlockUserListViewController.swift */; };
/* End PBXBuildFile section */

/* Begin PBXFileReference section */
		32BB186BE8B99AF1400CD0EA /* Pods-Oh-Gili.release.xcconfig */ = {isa = PBXFileReference; includeInIndex = 1; lastKnownFileType = text.xcconfig; name = "Pods-Oh-Gili.release.xcconfig"; path = "Target Support Files/Pods-Oh-Gili/Pods-Oh-Gili.release.xcconfig"; sourceTree = "<group>"; };
		641A16D224C46AE20038A80B /* PostData.swift */ = {isa = PBXFileReference; lastKnownFileType = sourcecode.swift; path = PostData.swift; sourceTree = "<group>"; };
		641A16D424C46B110038A80B /* PostTableViewCell.swift */ = {isa = PBXFileReference; lastKnownFileType = sourcecode.swift; path = PostTableViewCell.swift; sourceTree = "<group>"; };
		641A16D524C46B110038A80B /* PostTableViewCell.xib */ = {isa = PBXFileReference; lastKnownFileType = file.xib; path = PostTableViewCell.xib; sourceTree = "<group>"; };
		641A16D824C46D7F0038A80B /* Const.swift */ = {isa = PBXFileReference; lastKnownFileType = sourcecode.swift; path = Const.swift; sourceTree = "<group>"; };
		641A16DA24C46E030038A80B /* GoogleService-Info.plist */ = {isa = PBXFileReference; fileEncoding = 4; lastKnownFileType = text.plist.xml; path = "GoogleService-Info.plist"; sourceTree = "<group>"; };
		644D656724C88D5C00D8BB67 /* NewLoginViewController.swift */ = {isa = PBXFileReference; lastKnownFileType = sourcecode.swift; path = NewLoginViewController.swift; sourceTree = "<group>"; };
		644D656924C88D8E00D8BB67 /* TermsViewController.swift */ = {isa = PBXFileReference; lastKnownFileType = sourcecode.swift; path = TermsViewController.swift; sourceTree = "<group>"; };
		644D656B24C88DC900D8BB67 /* LoginNextViewController.swift */ = {isa = PBXFileReference; lastKnownFileType = sourcecode.swift; path = LoginNextViewController.swift; sourceTree = "<group>"; };
		644D656D24C89F4A00D8BB67 /* MyNavigationViewController.swift */ = {isa = PBXFileReference; lastKnownFileType = sourcecode.swift; path = MyNavigationViewController.swift; sourceTree = "<group>"; };
		644D656F24C8A48B00D8BB67 /* LogoutViewController.swift */ = {isa = PBXFileReference; lastKnownFileType = sourcecode.swift; path = LogoutViewController.swift; sourceTree = "<group>"; };
		644D657124C9E45800D8BB67 /* NotificationViewController.swift */ = {isa = PBXFileReference; lastKnownFileType = sourcecode.swift; path = NotificationViewController.swift; sourceTree = "<group>"; };
		644D657324CA055C00D8BB67 /* CommentViewController.swift */ = {isa = PBXFileReference; lastKnownFileType = sourcecode.swift; path = CommentViewController.swift; sourceTree = "<group>"; };
		644D657524CA05F600D8BB67 /* CommentTableViewCell.swift */ = {isa = PBXFileReference; lastKnownFileType = sourcecode.swift; path = CommentTableViewCell.swift; sourceTree = "<group>"; };
		644D657624CA05F600D8BB67 /* CommentTableViewCell.xib */ = {isa = PBXFileReference; lastKnownFileType = file.xib; path = CommentTableViewCell.xib; sourceTree = "<group>"; };
		64C741FD24C42D240018258E /* Oh-Gili.app */ = {isa = PBXFileReference; explicitFileType = wrapper.application; includeInIndex = 0; path = "Oh-Gili.app"; sourceTree = BUILT_PRODUCTS_DIR; };
		64C7420024C42D240018258E /* AppDelegate.swift */ = {isa = PBXFileReference; lastKnownFileType = sourcecode.swift; path = AppDelegate.swift; sourceTree = "<group>"; };
		64C7420224C42D240018258E /* SceneDelegate.swift */ = {isa = PBXFileReference; lastKnownFileType = sourcecode.swift; path = SceneDelegate.swift; sourceTree = "<group>"; };
		64C7420424C42D240018258E /* ViewController.swift */ = {isa = PBXFileReference; lastKnownFileType = sourcecode.swift; path = ViewController.swift; sourceTree = "<group>"; };
		64C7420724C42D240018258E /* Base */ = {isa = PBXFileReference; lastKnownFileType = file.storyboard; name = Base; path = Base.lproj/Main.storyboard; sourceTree = "<group>"; };
		64C7420924C42D260018258E /* Assets.xcassets */ = {isa = PBXFileReference; lastKnownFileType = folder.assetcatalog; path = Assets.xcassets; sourceTree = "<group>"; };
		64C7420C24C42D260018258E /* Base */ = {isa = PBXFileReference; lastKnownFileType = file.storyboard; name = Base; path = Base.lproj/LaunchScreen.storyboard; sourceTree = "<group>"; };
		64C7420E24C42D260018258E /* Info.plist */ = {isa = PBXFileReference; lastKnownFileType = text.plist.xml; path = Info.plist; sourceTree = "<group>"; };
		64C7421424C455BE0018258E /* LoginViewController.swift */ = {isa = PBXFileReference; lastKnownFileType = sourcecode.swift; path = LoginViewController.swift; sourceTree = "<group>"; };
		64C7421624C455D30018258E /* HomeViewController.swift */ = {isa = PBXFileReference; lastKnownFileType = sourcecode.swift; path = HomeViewController.swift; sourceTree = "<group>"; };
		64C7421824C455FA0018258E /* ImageSelectViewController.swift */ = {isa = PBXFileReference; lastKnownFileType = sourcecode.swift; path = ImageSelectViewController.swift; sourceTree = "<group>"; };
		64C7421A24C456120018258E /* PostViewController.swift */ = {isa = PBXFileReference; lastKnownFileType = sourcecode.swift; path = PostViewController.swift; sourceTree = "<group>"; };
		64C7421C24C4562C0018258E /* SettingViewController.swift */ = {isa = PBXFileReference; lastKnownFileType = sourcecode.swift; path = SettingViewController.swift; sourceTree = "<group>"; };
		64D37D0A24E03E0700D19DCE /* BlockUserListViewController.swift */ = {isa = PBXFileReference; lastKnownFileType = sourcecode.swift; path = BlockUserListViewController.swift; sourceTree = "<group>"; };
		9C7FD6B763C1C0A4F66C8B1E /* Pods_Oh_Gili.framework */ = {isa = PBXFileReference; explicitFileType = wrapper.framework; includeInIndex = 0; path = Pods_Oh_Gili.framework; sourceTree = BUILT_PRODUCTS_DIR; };
		ADB1FED8E03374AE34E0E682 /* Pods-Oh-Gili.debug.xcconfig */ = {isa = PBXFileReference; includeInIndex = 1; lastKnownFileType = text.xcconfig; name = "Pods-Oh-Gili.debug.xcconfig"; path = "Target Support Files/Pods-Oh-Gili/Pods-Oh-Gili.debug.xcconfig"; sourceTree = "<group>"; };
/* End PBXFileReference section */

/* Begin PBXFrameworksBuildPhase section */
		64C741FA24C42D240018258E /* Frameworks */ = {
			isa = PBXFrameworksBuildPhase;
			buildActionMask = 2147483647;
			files = (
				410A8D484D953695E8F7DDDB /* Pods_Oh_Gili.framework in Frameworks */,
			);
			runOnlyForDeploymentPostprocessing = 0;
		};
/* End PBXFrameworksBuildPhase section */

/* Begin PBXGroup section */
		61BE49EFF9A934E1E7CDE89A /* Pods */ = {
			isa = PBXGroup;
			children = (
				ADB1FED8E03374AE34E0E682 /* Pods-Oh-Gili.debug.xcconfig */,
				32BB186BE8B99AF1400CD0EA /* Pods-Oh-Gili.release.xcconfig */,
			);
			path = Pods;
			sourceTree = "<group>";
		};
		64C741F424C42D240018258E = {
			isa = PBXGroup;
			children = (
				64C741FF24C42D240018258E /* Oh-Gili */,
				64C741FE24C42D240018258E /* Products */,
				61BE49EFF9A934E1E7CDE89A /* Pods */,
				EFCCE1201ECC5085B831028D /* Frameworks */,
			);
			sourceTree = "<group>";
		};
		64C741FE24C42D240018258E /* Products */ = {
			isa = PBXGroup;
			children = (
				64C741FD24C42D240018258E /* Oh-Gili.app */,
			);
			name = Products;
			sourceTree = "<group>";
		};
		64C741FF24C42D240018258E /* Oh-Gili */ = {
			isa = PBXGroup;
			children = (
				64C7420024C42D240018258E /* AppDelegate.swift */,
				64C7420224C42D240018258E /* SceneDelegate.swift */,
				64C7421E24C456430018258E /* Model */,
				64C7422024C4567F0018258E /* Controller */,
				64C7421F24C456610018258E /* View */,
				64C7420924C42D260018258E /* Assets.xcassets */,
				64C7420B24C42D260018258E /* LaunchScreen.storyboard */,
				64C7420E24C42D260018258E /* Info.plist */,
				641A16DA24C46E030038A80B /* GoogleService-Info.plist */,
			);
			path = "Oh-Gili";
			sourceTree = "<group>";
		};
		64C7421E24C456430018258E /* Model */ = {
			isa = PBXGroup;
			children = (
				641A16D224C46AE20038A80B /* PostData.swift */,
				641A16D824C46D7F0038A80B /* Const.swift */,
			);
			path = Model;
			sourceTree = "<group>";
		};
		64C7421F24C456610018258E /* View */ = {
			isa = PBXGroup;
			children = (
				64C7420624C42D240018258E /* Main.storyboard */,
				641A16D424C46B110038A80B /* PostTableViewCell.swift */,
				641A16D524C46B110038A80B /* PostTableViewCell.xib */,
				644D657524CA05F600D8BB67 /* CommentTableViewCell.swift */,
				644D657624CA05F600D8BB67 /* CommentTableViewCell.xib */,
			);
			path = View;
			sourceTree = "<group>";
		};
		64C7422024C4567F0018258E /* Controller */ = {
			isa = PBXGroup;
			children = (
				64C7420424C42D240018258E /* ViewController.swift */,
				644D656D24C89F4A00D8BB67 /* MyNavigationViewController.swift */,
				64C7421424C455BE0018258E /* LoginViewController.swift */,
				644D656724C88D5C00D8BB67 /* NewLoginViewController.swift */,
				644D656924C88D8E00D8BB67 /* TermsViewController.swift */,
				644D656B24C88DC900D8BB67 /* LoginNextViewController.swift */,
				64C7421624C455D30018258E /* HomeViewController.swift */,
				644D657324CA055C00D8BB67 /* CommentViewController.swift */,
				644D657124C9E45800D8BB67 /* NotificationViewController.swift */,
				64C7421824C455FA0018258E /* ImageSelectViewController.swift */,
				64C7421A24C456120018258E /* PostViewController.swift */,
				64C7421C24C4562C0018258E /* SettingViewController.swift */,
				64D37D0A24E03E0700D19DCE /* BlockUserListViewController.swift */,
				644D656F24C8A48B00D8BB67 /* LogoutViewController.swift */,
			);
			path = Controller;
			sourceTree = "<group>";
		};
		EFCCE1201ECC5085B831028D /* Frameworks */ = {
			isa = PBXGroup;
			children = (
				9C7FD6B763C1C0A4F66C8B1E /* Pods_Oh_Gili.framework */,
			);
			name = Frameworks;
			sourceTree = "<group>";
		};
/* End PBXGroup section */

/* Begin PBXNativeTarget section */
		64C741FC24C42D240018258E /* Oh-Gili */ = {
			isa = PBXNativeTarget;
			buildConfigurationList = 64C7421124C42D260018258E /* Build configuration list for PBXNativeTarget "Oh-Gili" */;
			buildPhases = (
				DBE3C6BB1842B031FC374340 /* [CP] Check Pods Manifest.lock */,
				64C741F924C42D240018258E /* Sources */,
				64C741FA24C42D240018258E /* Frameworks */,
				64C741FB24C42D240018258E /* Resources */,
				77EF3F21386B570B92DAB3CC /* [CP] Embed Pods Frameworks */,
			);
			buildRules = (
			);
			dependencies = (
			);
			name = "Oh-Gili";
			productName = "Oh-Gili";
			productReference = 64C741FD24C42D240018258E /* Oh-Gili.app */;
			productType = "com.apple.product-type.application";
		};
/* End PBXNativeTarget section */

/* Begin PBXProject section */
		64C741F524C42D240018258E /* Project object */ = {
			isa = PBXProject;
			attributes = {
				LastSwiftUpdateCheck = 1130;
				LastUpgradeCheck = 1130;
				ORGANIZATIONNAME = takahashi;
				TargetAttributes = {
					64C741FC24C42D240018258E = {
						CreatedOnToolsVersion = 11.3.1;
					};
				};
			};
			buildConfigurationList = 64C741F824C42D240018258E /* Build configuration list for PBXProject "Oh-Gili" */;
			compatibilityVersion = "Xcode 9.3";
			developmentRegion = en;
			hasScannedForEncodings = 0;
			knownRegions = (
				en,
				Base,
			);
			mainGroup = 64C741F424C42D240018258E;
			productRefGroup = 64C741FE24C42D240018258E /* Products */;
			projectDirPath = "";
			projectRoot = "";
			targets = (
				64C741FC24C42D240018258E /* Oh-Gili */,
			);
		};
/* End PBXProject section */

/* Begin PBXResourcesBuildPhase section */
		64C741FB24C42D240018258E /* Resources */ = {
			isa = PBXResourcesBuildPhase;
			buildActionMask = 2147483647;
			files = (
				64C7420D24C42D260018258E /* LaunchScreen.storyboard in Resources */,
				644D657824CA05F600D8BB67 /* CommentTableViewCell.xib in Resources */,
				64C7420A24C42D260018258E /* Assets.xcassets in Resources */,
				641A16DB24C46E030038A80B /* GoogleService-Info.plist in Resources */,
				64C7420824C42D240018258E /* Main.storyboard in Resources */,
				641A16D724C46B110038A80B /* PostTableViewCell.xib in Resources */,
			);
			runOnlyForDeploymentPostprocessing = 0;
		};
/* End PBXResourcesBuildPhase section */

/* Begin PBXShellScriptBuildPhase section */
		77EF3F21386B570B92DAB3CC /* [CP] Embed Pods Frameworks */ = {
			isa = PBXShellScriptBuildPhase;
			buildActionMask = 2147483647;
			files = (
			);
			inputFileListPaths = (
				"${PODS_ROOT}/Target Support Files/Pods-Oh-Gili/Pods-Oh-Gili-frameworks-${CONFIGURATION}-input-files.xcfilelist",
			);
			name = "[CP] Embed Pods Frameworks";
			outputFileListPaths = (
				"${PODS_ROOT}/Target Support Files/Pods-Oh-Gili/Pods-Oh-Gili-frameworks-${CONFIGURATION}-output-files.xcfilelist",
			);
			runOnlyForDeploymentPostprocessing = 0;
			shellPath = /bin/sh;
			shellScript = "\"${PODS_ROOT}/Target Support Files/Pods-Oh-Gili/Pods-Oh-Gili-frameworks.sh\"\n";
			showEnvVarsInLog = 0;
		};
		DBE3C6BB1842B031FC374340 /* [CP] Check Pods Manifest.lock */ = {
			isa = PBXShellScriptBuildPhase;
			buildActionMask = 2147483647;
			files = (
			);
			inputFileListPaths = (
			);
			inputPaths = (
				"${PODS_PODFILE_DIR_PATH}/Podfile.lock",
				"${PODS_ROOT}/Manifest.lock",
			);
			name = "[CP] Check Pods Manifest.lock";
			outputFileListPaths = (
			);
			outputPaths = (
				"$(DERIVED_FILE_DIR)/Pods-Oh-Gili-checkManifestLockResult.txt",
			);
			runOnlyForDeploymentPostprocessing = 0;
			shellPath = /bin/sh;
			shellScript = "diff \"${PODS_PODFILE_DIR_PATH}/Podfile.lock\" \"${PODS_ROOT}/Manifest.lock\" > /dev/null\nif [ $? != 0 ] ; then\n    # print error to STDERR\n    echo \"error: The sandbox is not in sync with the Podfile.lock. Run 'pod install' or update your CocoaPods installation.\" >&2\n    exit 1\nfi\n# This output is used by Xcode 'outputs' to avoid re-running this script phase.\necho \"SUCCESS\" > \"${SCRIPT_OUTPUT_FILE_0}\"\n";
			showEnvVarsInLog = 0;
		};
/* End PBXShellScriptBuildPhase section */

/* Begin PBXSourcesBuildPhase section */
		64C741F924C42D240018258E /* Sources */ = {
			isa = PBXSourcesBuildPhase;
			buildActionMask = 2147483647;
			files = (
				64C7421924C455FA0018258E /* ImageSelectViewController.swift in Sources */,
				644D656E24C89F4A00D8BB67 /* MyNavigationViewController.swift in Sources */,
				644D656C24C88DC900D8BB67 /* LoginNextViewController.swift in Sources */,
				64D37D0B24E03E0A00D19DCE /* BlockUserListViewController.swift in Sources */,
				641A16D324C46AE20038A80B /* PostData.swift in Sources */,
				64C7421724C455D30018258E /* HomeViewController.swift in Sources */,
				644D656A24C88D8E00D8BB67 /* TermsViewController.swift in Sources */,
				64C7421B24C456120018258E /* PostViewController.swift in Sources */,
				64C7421D24C4562C0018258E /* SettingViewController.swift in Sources */,
				644D657424CA055C00D8BB67 /* CommentViewController.swift in Sources */,
				644D656824C88D5C00D8BB67 /* NewLoginViewController.swift in Sources */,
				64C7421524C455BE0018258E /* LoginViewController.swift in Sources */,
				64C7420524C42D240018258E /* ViewController.swift in Sources */,
				641A16D624C46B110038A80B /* PostTableViewCell.swift in Sources */,
				644D657224C9E45800D8BB67 /* NotificationViewController.swift in Sources */,
				64C7420124C42D240018258E /* AppDelegate.swift in Sources */,
				64C7420324C42D240018258E /* SceneDelegate.swift in Sources */,
				644D657724CA05F600D8BB67 /* CommentTableViewCell.swift in Sources */,
				644D657024C8A48B00D8BB67 /* LogoutViewController.swift in Sources */,
				641A16D924C46D7F0038A80B /* Const.swift in Sources */,
			);
			runOnlyForDeploymentPostprocessing = 0;
		};
/* End PBXSourcesBuildPhase section */

/* Begin PBXVariantGroup section */
		64C7420624C42D240018258E /* Main.storyboard */ = {
			isa = PBXVariantGroup;
			children = (
				64C7420724C42D240018258E /* Base */,
			);
			name = Main.storyboard;
			sourceTree = "<group>";
		};
		64C7420B24C42D260018258E /* LaunchScreen.storyboard */ = {
			isa = PBXVariantGroup;
			children = (
				64C7420C24C42D260018258E /* Base */,
			);
			name = LaunchScreen.storyboard;
			sourceTree = "<group>";
		};
/* End PBXVariantGroup section */

/* Begin XCBuildConfiguration section */
		64C7420F24C42D260018258E /* Debug */ = {
			isa = XCBuildConfiguration;
			buildSettings = {
				ALWAYS_SEARCH_USER_PATHS = NO;
				CLANG_ANALYZER_NONNULL = YES;
				CLANG_ANALYZER_NUMBER_OBJECT_CONVERSION = YES_AGGRESSIVE;
				CLANG_CXX_LANGUAGE_STANDARD = "gnu++14";
				CLANG_CXX_LIBRARY = "libc++";
				CLANG_ENABLE_MODULES = YES;
				CLANG_ENABLE_OBJC_ARC = YES;
				CLANG_ENABLE_OBJC_WEAK = YES;
				CLANG_WARN_BLOCK_CAPTURE_AUTORELEASING = YES;
				CLANG_WARN_BOOL_CONVERSION = YES;
				CLANG_WARN_COMMA = YES;
				CLANG_WARN_CONSTANT_CONVERSION = YES;
				CLANG_WARN_DEPRECATED_OBJC_IMPLEMENTATIONS = YES;
				CLANG_WARN_DIRECT_OBJC_ISA_USAGE = YES_ERROR;
				CLANG_WARN_DOCUMENTATION_COMMENTS = YES;
				CLANG_WARN_EMPTY_BODY = YES;
				CLANG_WARN_ENUM_CONVERSION = YES;
				CLANG_WARN_INFINITE_RECURSION = YES;
				CLANG_WARN_INT_CONVERSION = YES;
				CLANG_WARN_NON_LITERAL_NULL_CONVERSION = YES;
				CLANG_WARN_OBJC_IMPLICIT_RETAIN_SELF = YES;
				CLANG_WARN_OBJC_LITERAL_CONVERSION = YES;
				CLANG_WARN_OBJC_ROOT_CLASS = YES_ERROR;
				CLANG_WARN_RANGE_LOOP_ANALYSIS = YES;
				CLANG_WARN_STRICT_PROTOTYPES = YES;
				CLANG_WARN_SUSPICIOUS_MOVE = YES;
				CLANG_WARN_UNGUARDED_AVAILABILITY = YES_AGGRESSIVE;
				CLANG_WARN_UNREACHABLE_CODE = YES;
				CLANG_WARN__DUPLICATE_METHOD_MATCH = YES;
				COPY_PHASE_STRIP = NO;
				DEBUG_INFORMATION_FORMAT = dwarf;
				ENABLE_STRICT_OBJC_MSGSEND = YES;
				ENABLE_TESTABILITY = YES;
				GCC_C_LANGUAGE_STANDARD = gnu11;
				GCC_DYNAMIC_NO_PIC = NO;
				GCC_NO_COMMON_BLOCKS = YES;
				GCC_OPTIMIZATION_LEVEL = 0;
				GCC_PREPROCESSOR_DEFINITIONS = (
					"DEBUG=1",
					"$(inherited)",
				);
				GCC_WARN_64_TO_32_BIT_CONVERSION = YES;
				GCC_WARN_ABOUT_RETURN_TYPE = YES_ERROR;
				GCC_WARN_UNDECLARED_SELECTOR = YES;
				GCC_WARN_UNINITIALIZED_AUTOS = YES_AGGRESSIVE;
				GCC_WARN_UNUSED_FUNCTION = YES;
				GCC_WARN_UNUSED_VARIABLE = YES;
				IPHONEOS_DEPLOYMENT_TARGET = 13.2;
				MTL_ENABLE_DEBUG_INFO = INCLUDE_SOURCE;
				MTL_FAST_MATH = YES;
				ONLY_ACTIVE_ARCH = YES;
				SDKROOT = iphoneos;
				SWIFT_ACTIVE_COMPILATION_CONDITIONS = DEBUG;
				SWIFT_OPTIMIZATION_LEVEL = "-Onone";
			};
			name = Debug;
		};
		64C7421024C42D260018258E /* Release */ = {
			isa = XCBuildConfiguration;
			buildSettings = {
				ALWAYS_SEARCH_USER_PATHS = NO;
				CLANG_ANALYZER_NONNULL = YES;
				CLANG_ANALYZER_NUMBER_OBJECT_CONVERSION = YES_AGGRESSIVE;
				CLANG_CXX_LANGUAGE_STANDARD = "gnu++14";
				CLANG_CXX_LIBRARY = "libc++";
				CLANG_ENABLE_MODULES = YES;
				CLANG_ENABLE_OBJC_ARC = YES;
				CLANG_ENABLE_OBJC_WEAK = YES;
				CLANG_WARN_BLOCK_CAPTURE_AUTORELEASING = YES;
				CLANG_WARN_BOOL_CONVERSION = YES;
				CLANG_WARN_COMMA = YES;
				CLANG_WARN_CONSTANT_CONVERSION = YES;
				CLANG_WARN_DEPRECATED_OBJC_IMPLEMENTATIONS = YES;
				CLANG_WARN_DIRECT_OBJC_ISA_USAGE = YES_ERROR;
				CLANG_WARN_DOCUMENTATION_COMMENTS = YES;
				CLANG_WARN_EMPTY_BODY = YES;
				CLANG_WARN_ENUM_CONVERSION = YES;
				CLANG_WARN_INFINITE_RECURSION = YES;
				CLANG_WARN_INT_CONVERSION = YES;
				CLANG_WARN_NON_LITERAL_NULL_CONVERSION = YES;
				CLANG_WARN_OBJC_IMPLICIT_RETAIN_SELF = YES;
				CLANG_WARN_OBJC_LITERAL_CONVERSION = YES;
				CLANG_WARN_OBJC_ROOT_CLASS = YES_ERROR;
				CLANG_WARN_RANGE_LOOP_ANALYSIS = YES;
				CLANG_WARN_STRICT_PROTOTYPES = YES;
				CLANG_WARN_SUSPICIOUS_MOVE = YES;
				CLANG_WARN_UNGUARDED_AVAILABILITY = YES_AGGRESSIVE;
				CLANG_WARN_UNREACHABLE_CODE = YES;
				CLANG_WARN__DUPLICATE_METHOD_MATCH = YES;
				COPY_PHASE_STRIP = NO;
				DEBUG_INFORMATION_FORMAT = "dwarf-with-dsym";
				ENABLE_NS_ASSERTIONS = NO;
				ENABLE_STRICT_OBJC_MSGSEND = YES;
				GCC_C_LANGUAGE_STANDARD = gnu11;
				GCC_NO_COMMON_BLOCKS = YES;
				GCC_WARN_64_TO_32_BIT_CONVERSION = YES;
				GCC_WARN_ABOUT_RETURN_TYPE = YES_ERROR;
				GCC_WARN_UNDECLARED_SELECTOR = YES;
				GCC_WARN_UNINITIALIZED_AUTOS = YES_AGGRESSIVE;
				GCC_WARN_UNUSED_FUNCTION = YES;
				GCC_WARN_UNUSED_VARIABLE = YES;
				IPHONEOS_DEPLOYMENT_TARGET = 13.2;
				MTL_ENABLE_DEBUG_INFO = NO;
				MTL_FAST_MATH = YES;
				SDKROOT = iphoneos;
				SWIFT_COMPILATION_MODE = wholemodule;
				SWIFT_OPTIMIZATION_LEVEL = "-O";
				VALIDATE_PRODUCT = YES;
			};
			name = Release;
		};
		64C7421224C42D260018258E /* Debug */ = {
			isa = XCBuildConfiguration;
			baseConfigurationReference = ADB1FED8E03374AE34E0E682 /* Pods-Oh-Gili.debug.xcconfig */;
			buildSettings = {
				ASSETCATALOG_COMPILER_APPICON_NAME = AppIcon;
				CODE_SIGN_STYLE = Automatic;
				CURRENT_PROJECT_VERSION = 1.0.0;
				DEVELOPMENT_TEAM = J8LP9MW8T8;
				INFOPLIST_FILE = "Oh-Gili/Info.plist";
				LD_RUNPATH_SEARCH_PATHS = (
					"$(inherited)",
					"@executable_path/Frameworks",
				);
				MARKETING_VERSION = 1.0.0;
				PRODUCT_BUNDLE_IDENTIFIER = "jp.tomokazu.takahashi.Oh-Gili";
				PRODUCT_NAME = "$(TARGET_NAME)";
				SWIFT_VERSION = 5.0;
				TARGETED_DEVICE_FAMILY = 1;
			};
			name = Debug;
		};
		64C7421324C42D260018258E /* Release */ = {
			isa = XCBuildConfiguration;
			baseConfigurationReference = 32BB186BE8B99AF1400CD0EA /* Pods-Oh-Gili.release.xcconfig */;
			buildSettings = {
				ASSETCATALOG_COMPILER_APPICON_NAME = AppIcon;
				CODE_SIGN_STYLE = Automatic;
				CURRENT_PROJECT_VERSION = 1.0.0;
				DEVELOPMENT_TEAM = J8LP9MW8T8;
				INFOPLIST_FILE = "Oh-Gili/Info.plist";
				LD_RUNPATH_SEARCH_PATHS = (
					"$(inherited)",
					"@executable_path/Frameworks",
				);
				MARKETING_VERSION = 1.0.0;
				PRODUCT_BUNDLE_IDENTIFIER = "jp.tomokazu.takahashi.Oh-Gili";
				PRODUCT_NAME = "$(TARGET_NAME)";
				SWIFT_VERSION = 5.0;
				TARGETED_DEVICE_FAMILY = 1;
			};
			name = Release;
		};
/* End XCBuildConfiguration section */

/* Begin XCConfigurationList section */
		64C741F824C42D240018258E /* Build configuration list for PBXProject "Oh-Gili" */ = {
			isa = XCConfigurationList;
			buildConfigurations = (
				64C7420F24C42D260018258E /* Debug */,
				64C7421024C42D260018258E /* Release */,
			);
			defaultConfigurationIsVisible = 0;
			defaultConfigurationName = Release;
		};
		64C7421124C42D260018258E /* Build configuration list for PBXNativeTarget "Oh-Gili" */ = {
			isa = XCConfigurationList;
			buildConfigurations = (
				64C7421224C42D260018258E /* Debug */,
				64C7421324C42D260018258E /* Release */,
			);
			defaultConfigurationIsVisible = 0;
			defaultConfigurationName = Release;
		};
/* End XCConfigurationList section */
	};
	rootObject = 64C741F524C42D240018258E /* Project object */;
}
